
Microsoft Visual Studio Solution File, Format Version 12.00
# Visual Studio Version 17
VisualStudioVersion = 17.0.32112.339
MinimumVisualStudioVersion = 10.0.40219.1
Project("{FAE04EC0-301F-11D3-BF4B-00C04F79EFBC}") = "Marvin.Pipelines", "Marvin.Pipelines\Marvin.Pipelines.csproj", "{8D869B73-E99A-4E4D-9DC8-79C30A1B238C}"
EndProject
Global
	GlobalSection(SolutionConfigurationPlatforms) = preSolution
		Debug|Any CPU = Debug|Any CPU
		Release|Any CPU = Release|Any CPU
	EndGlobalSection
	GlobalSection(ProjectConfigurationPlatforms) = postSolution
		{8D869B73-E99A-4E4D-9DC8-79C30A1B238C}.Debug|Any CPU.ActiveCfg = Debug|Any CPU
		{8D869B73-E99A-4E4D-9DC8-79C30A1B238C}.Debug|Any CPU.Build.0 = Debug|Any CPU
		{8D869B73-E99A-4E4D-9DC8-79C30A1B238C}.Release|Any CPU.ActiveCfg = Release|Any CPU
		{8D869B73-E99A-4E4D-9DC8-79C30A1B238C}.Release|Any CPU.Build.0 = Release|Any CPU
	EndGlobalSection
	GlobalSection(SolutionProperties) = preSolution
		HideSolutionNode = FALSE
	EndGlobalSection
	GlobalSection(ExtensibilityGlobals) = postSolution
		SolutionGuid = {76936D16-CEB9-4D3A-965B-FFD1699A8306}
	EndGlobalSection
EndGlobal
