
Microsoft Visual Studio Solution File, Format Version 12.00
# Visual Studio Version 17
VisualStudioVersion = 17.0.32112.339
MinimumVisualStudioVersion = 10.0.40219.1
Project("{9A19103F-16F7-4668-BE54-9A1E7A4F7556}") = "Marvin.DbAccess", "Marvin.DbAccess\Marvin.DbAccess.csproj", "{2104B57C-6BE2-4FE6-9382-790E324CFDF8}"
EndProject
Project("{FAE04EC0-301F-11D3-BF4B-00C04F79EFBC}") = "Marvin.DbAccess.Tests", "Marvin.DbAccess.Tests\Marvin.DbAccess.Tests.csproj", "{92E0CEDE-7AAD-41AD-95D3-46600422A595}"
EndProject
Global
	GlobalSection(SolutionConfigurationPlatforms) = preSolution
		Debug|Any CPU = Debug|Any CPU
		Release|Any CPU = Release|Any CPU
	EndGlobalSection
	GlobalSection(ProjectConfigurationPlatforms) = postSolution
		{2104B57C-6BE2-4FE6-9382-790E324CFDF8}.Debug|Any CPU.ActiveCfg = Debug|Any CPU
		{2104B57C-6BE2-4FE6-9382-790E324CFDF8}.Debug|Any CPU.Build.0 = Debug|Any CPU
		{2104B57C-6BE2-4FE6-9382-790E324CFDF8}.Release|Any CPU.ActiveCfg = Release|Any CPU
		{2104B57C-6BE2-4FE6-9382-790E324CFDF8}.Release|Any CPU.Build.0 = Release|Any CPU
		{92E0CEDE-7AAD-41AD-95D3-46600422A595}.Debug|Any CPU.ActiveCfg = Debug|Any CPU
		{92E0CEDE-7AAD-41AD-95D3-46600422A595}.Debug|Any CPU.Build.0 = Debug|Any CPU
		{92E0CEDE-7AAD-41AD-95D3-46600422A595}.Release|Any CPU.ActiveCfg = Release|Any CPU
		{92E0CEDE-7AAD-41AD-95D3-46600422A595}.Release|Any CPU.Build.0 = Release|Any CPU
	EndGlobalSection
	GlobalSection(SolutionProperties) = preSolution
		HideSolutionNode = FALSE
	EndGlobalSection
	GlobalSection(ExtensibilityGlobals) = postSolution
		SolutionGuid = {76936D16-CEB9-4D3A-965B-FFD1699A8306}
	EndGlobalSection
EndGlobal
