
Microsoft Visual Studio Solution File, Format Version 12.00
# Visual Studio Version 17
VisualStudioVersion = 17.0.32112.339
MinimumVisualStudioVersion = 10.0.40219.1
Project("{FAE04EC0-301F-11D3-BF4B-00C04F79EFBC}") = "Marvin.Hub.Messaging", "Marvin.Hub.Messaging\Marvin.Hub.Messaging.csproj", "{B76EAA39-69CE-4558-BDA4-08C5EF370988}"
EndProject
Global
	GlobalSection(SolutionConfigurationPlatforms) = preSolution
		Debug|Any CPU = Debug|Any CPU
		Release|Any CPU = Release|Any CPU
	EndGlobalSection
	GlobalSection(ProjectConfigurationPlatforms) = postSolution
		{B76EAA39-69CE-4558-BDA4-08C5EF370988}.Debug|Any CPU.ActiveCfg = Debug|Any CPU
		{B76EAA39-69CE-4558-BDA4-08C5EF370988}.Debug|Any CPU.Build.0 = Debug|Any CPU
		{B76EAA39-69CE-4558-BDA4-08C5EF370988}.Release|Any CPU.ActiveCfg = Release|Any CPU
		{B76EAA39-69CE-4558-BDA4-08C5EF370988}.Release|Any CPU.Build.0 = Release|Any CPU
	EndGlobalSection
	GlobalSection(SolutionProperties) = preSolution
		HideSolutionNode = FALSE
	EndGlobalSection
	GlobalSection(ExtensibilityGlobals) = postSolution
		SolutionGuid = {76936D16-CEB9-4D3A-965B-FFD1699A8306}
	EndGlobalSection
EndGlobal
